
Microsoft Visual Studio Solution File, Format Version 12.00
# Visual Studio 14
VisualStudioVersion = 14.0.25420.1
MinimumVisualStudioVersion = 10.0.40219.1
Project("{2150E333-8FDC-42A3-9474-1A3956D46DE8}") = "Empresa", "Empresa", "{43C03C5F-EECD-4005-8178-F93093F1C2A9}"
EndProject
Project("{8BB2217D-0F2D-49D1-97BC-3654ED321F3B}") = "Empresa.Dominio", "Empresa.Dominio\Empresa.Dominio.xproj", "{22F413B8-0760-4167-8FE9-01BAF5708FBA}"
EndProject
Project("{8BB2217D-0F2D-49D1-97BC-3654ED321F3B}") = "Empresa.Repositorios.SqlServer", "Empresa.Repositorios.SqlServer\Empresa.Repositorios.SqlServer.xproj", "{873F421A-1283-4AC7-9126-81300FCCA44C}"
EndProject
Project("{8BB2217D-0F2D-49D1-97BC-3654ED321F3B}") = "Empresa.Mvc", "Empresa.Mvc\Empresa.Mvc.xproj", "{C83D18DF-25AA-419A-9EE9-ADEF202BA55D}"
EndProject
Project("{2150E333-8FDC-42A3-9474-1A3956D46DE8}") = "Loja", "Loja", "{B634ED0D-0C46-4499-8144-57AA12959917}"
EndProject
Project("{2150E333-8FDC-42A3-9474-1A3956D46DE8}") = "Login", "Login", "{C0886258-DFF4-43D7-8DCD-42408717BD7C}"
EndProject
Project("{FAE04EC0-301F-11D3-BF4B-00C04F79EFBC}") = "Login.Mvc", "Login.Mvc\Login.Mvc.csproj", "{8D5E0335-FE20-4678-B5BB-62DED6AA762B}"
EndProject
Project("{FAE04EC0-301F-11D3-BF4B-00C04F79EFBC}") = "Loja.Dominio", "Loja.Dominio\Loja.Dominio.csproj", "{34A704E2-F297-4DEB-B63E-4885ADD12588}"
EndProject
Project("{FAE04EC0-301F-11D3-BF4B-00C04F79EFBC}") = "Loja.Repositorios.SqlServer.EF", "Loja.Repositorios.SqlServer.EF\Loja.Repositorios.SqlServer.EF.csproj", "{3CF1E0B2-8B77-4989-A55F-F79679840979}"
EndProject
Project("{FAE04EC0-301F-11D3-BF4B-00C04F79EFBC}") = "Loja.Mvc", "Loja.Mvc\Loja.Mvc.csproj", "{11C4C6D2-5C34-41BA-9F2A-1F5643088DC9}"
EndProject
Project("{2150E333-8FDC-42A3-9474-1A3956D46DE8}") = "Solution Items", "Solution Items", "{397993C1-BF5A-453F-97EB-A9A991E936FA}"
	ProjectSection(SolutionItems) = preProject
		Anotações.txt = Anotações.txt
	EndProjectSection
EndProject
Project("{FAE04EC0-301F-11D3-BF4B-00C04F79EFBC}") = "Loja.Resources", "Loja.Resources\Loja.Resources.csproj", "{8FDDFBA8-98EA-4215-A915-E89881828A6D}"
EndProject
Project("{FAE04EC0-301F-11D3-BF4B-00C04F79EFBC}") = "Loja.MvcTests", "Loja.MvcTests\Loja.MvcTests.csproj", "{87805CA6-A382-4124-BC87-3F0EC2BE838E}"
EndProject
Global
	GlobalSection(SolutionConfigurationPlatforms) = preSolution
		Debug|Any CPU = Debug|Any CPU
		Release|Any CPU = Release|Any CPU
	EndGlobalSection
	GlobalSection(ProjectConfigurationPlatforms) = postSolution
		{22F413B8-0760-4167-8FE9-01BAF5708FBA}.Debug|Any CPU.ActiveCfg = Debug|Any CPU
		{22F413B8-0760-4167-8FE9-01BAF5708FBA}.Debug|Any CPU.Build.0 = Debug|Any CPU
		{22F413B8-0760-4167-8FE9-01BAF5708FBA}.Release|Any CPU.ActiveCfg = Release|Any CPU
		{22F413B8-0760-4167-8FE9-01BAF5708FBA}.Release|Any CPU.Build.0 = Release|Any CPU
		{873F421A-1283-4AC7-9126-81300FCCA44C}.Debug|Any CPU.ActiveCfg = Debug|Any CPU
		{873F421A-1283-4AC7-9126-81300FCCA44C}.Debug|Any CPU.Build.0 = Debug|Any CPU
		{873F421A-1283-4AC7-9126-81300FCCA44C}.Release|Any CPU.ActiveCfg = Release|Any CPU
		{873F421A-1283-4AC7-9126-81300FCCA44C}.Release|Any CPU.Build.0 = Release|Any CPU
		{C83D18DF-25AA-419A-9EE9-ADEF202BA55D}.Debug|Any CPU.ActiveCfg = Debug|Any CPU
		{C83D18DF-25AA-419A-9EE9-ADEF202BA55D}.Debug|Any CPU.Build.0 = Debug|Any CPU
		{C83D18DF-25AA-419A-9EE9-ADEF202BA55D}.Release|Any CPU.ActiveCfg = Release|Any CPU
		{C83D18DF-25AA-419A-9EE9-ADEF202BA55D}.Release|Any CPU.Build.0 = Release|Any CPU
		{8D5E0335-FE20-4678-B5BB-62DED6AA762B}.Debug|Any CPU.ActiveCfg = Debug|Any CPU
		{8D5E0335-FE20-4678-B5BB-62DED6AA762B}.Debug|Any CPU.Build.0 = Debug|Any CPU
		{8D5E0335-FE20-4678-B5BB-62DED6AA762B}.Release|Any CPU.ActiveCfg = Release|Any CPU
		{8D5E0335-FE20-4678-B5BB-62DED6AA762B}.Release|Any CPU.Build.0 = Release|Any CPU
		{34A704E2-F297-4DEB-B63E-4885ADD12588}.Debug|Any CPU.ActiveCfg = Debug|Any CPU
		{34A704E2-F297-4DEB-B63E-4885ADD12588}.Debug|Any CPU.Build.0 = Debug|Any CPU
		{34A704E2-F297-4DEB-B63E-4885ADD12588}.Release|Any CPU.ActiveCfg = Release|Any CPU
		{34A704E2-F297-4DEB-B63E-4885ADD12588}.Release|Any CPU.Build.0 = Release|Any CPU
		{3CF1E0B2-8B77-4989-A55F-F79679840979}.Debug|Any CPU.ActiveCfg = Debug|Any CPU
		{3CF1E0B2-8B77-4989-A55F-F79679840979}.Debug|Any CPU.Build.0 = Debug|Any CPU
		{3CF1E0B2-8B77-4989-A55F-F79679840979}.Release|Any CPU.ActiveCfg = Release|Any CPU
		{3CF1E0B2-8B77-4989-A55F-F79679840979}.Release|Any CPU.Build.0 = Release|Any CPU
		{11C4C6D2-5C34-41BA-9F2A-1F5643088DC9}.Debug|Any CPU.ActiveCfg = Debug|Any CPU
		{11C4C6D2-5C34-41BA-9F2A-1F5643088DC9}.Debug|Any CPU.Build.0 = Debug|Any CPU
		{11C4C6D2-5C34-41BA-9F2A-1F5643088DC9}.Release|Any CPU.ActiveCfg = Release|Any CPU
		{11C4C6D2-5C34-41BA-9F2A-1F5643088DC9}.Release|Any CPU.Build.0 = Release|Any CPU
		{8FDDFBA8-98EA-4215-A915-E89881828A6D}.Debug|Any CPU.ActiveCfg = Debug|Any CPU
		{8FDDFBA8-98EA-4215-A915-E89881828A6D}.Debug|Any CPU.Build.0 = Debug|Any CPU
		{8FDDFBA8-98EA-4215-A915-E89881828A6D}.Release|Any CPU.ActiveCfg = Release|Any CPU
		{8FDDFBA8-98EA-4215-A915-E89881828A6D}.Release|Any CPU.Build.0 = Release|Any CPU
		{87805CA6-A382-4124-BC87-3F0EC2BE838E}.Debug|Any CPU.ActiveCfg = Debug|Any CPU
		{87805CA6-A382-4124-BC87-3F0EC2BE838E}.Debug|Any CPU.Build.0 = Debug|Any CPU
		{87805CA6-A382-4124-BC87-3F0EC2BE838E}.Release|Any CPU.ActiveCfg = Release|Any CPU
		{87805CA6-A382-4124-BC87-3F0EC2BE838E}.Release|Any CPU.Build.0 = Release|Any CPU
	EndGlobalSection
	GlobalSection(SolutionProperties) = preSolution
		HideSolutionNode = FALSE
	EndGlobalSection
	GlobalSection(NestedProjects) = preSolution
		{22F413B8-0760-4167-8FE9-01BAF5708FBA} = {43C03C5F-EECD-4005-8178-F93093F1C2A9}
		{873F421A-1283-4AC7-9126-81300FCCA44C} = {43C03C5F-EECD-4005-8178-F93093F1C2A9}
		{C83D18DF-25AA-419A-9EE9-ADEF202BA55D} = {43C03C5F-EECD-4005-8178-F93093F1C2A9}
		{8D5E0335-FE20-4678-B5BB-62DED6AA762B} = {C0886258-DFF4-43D7-8DCD-42408717BD7C}
		{34A704E2-F297-4DEB-B63E-4885ADD12588} = {B634ED0D-0C46-4499-8144-57AA12959917}
		{3CF1E0B2-8B77-4989-A55F-F79679840979} = {B634ED0D-0C46-4499-8144-57AA12959917}
		{11C4C6D2-5C34-41BA-9F2A-1F5643088DC9} = {B634ED0D-0C46-4499-8144-57AA12959917}
		{8FDDFBA8-98EA-4215-A915-E89881828A6D} = {B634ED0D-0C46-4499-8144-57AA12959917}
		{87805CA6-A382-4124-BC87-3F0EC2BE838E} = {B634ED0D-0C46-4499-8144-57AA12959917}
	EndGlobalSection
EndGlobal
